// !$*UTF8*$!
{
	archiveVersion = 1;
	classes = {
	};
	objectVersion = 56;
	objects = {

/* Begin PBXBuildFile section */
		BD422E3629311FB500A1BB82 /* tkvsApp.swift in Sources */ = {isa = PBXBuildFile; fileRef = BD422E3529311FB500A1BB82 /* tkvsApp.swift */; };
		BD422E3829311FB500A1BB82 /* ContentView.swift in Sources */ = {isa = PBXBuildFile; fileRef = BD422E3729311FB500A1BB82 /* ContentView.swift */; };
		BD422E3A29311FB800A1BB82 /* Assets.xcassets in Resources */ = {isa = PBXBuildFile; fileRef = BD422E3929311FB800A1BB82 /* Assets.xcassets */; };
		BD422E3D29311FB800A1BB82 /* Preview Assets.xcassets in Resources */ = {isa = PBXBuildFile; fileRef = BD422E3C29311FB800A1BB82 /* Preview Assets.xcassets */; };
		BD422E4729311FB800A1BB82 /* tkvsTests.swift in Sources */ = {isa = PBXBuildFile; fileRef = BD422E4629311FB800A1BB82 /* tkvsTests.swift */; };
		BD422E5129311FB800A1BB82 /* tkvsUITests.swift in Sources */ = {isa = PBXBuildFile; fileRef = BD422E5029311FB800A1BB82 /* tkvsUITests.swift */; };
		BD422E5329311FB800A1BB82 /* tkvsUITestsLaunchTests.swift in Sources */ = {isa = PBXBuildFile; fileRef = BD422E5229311FB800A1BB82 /* tkvsUITestsLaunchTests.swift */; };
/* End PBXBuildFile section */

/* Begin PBXContainerItemProxy section */
		BD422E4329311FB800A1BB82 /* PBXContainerItemProxy */ = {
			isa = PBXContainerItemProxy;
			containerPortal = BD422E2A29311FB500A1BB82 /* Project object */;
			proxyType = 1;
			remoteGlobalIDString = BD422E3129311FB500A1BB82;
			remoteInfo = tkvs;
		};
		BD422E4D29311FB800A1BB82 /* PBXContainerItemProxy */ = {
			isa = PBXContainerItemProxy;
			containerPortal = BD422E2A29311FB500A1BB82 /* Project object */;
			proxyType = 1;
			remoteGlobalIDString = BD422E3129311FB500A1BB82;
			remoteInfo = tkvs;
		};
/* End PBXContainerItemProxy section */

/* Begin PBXFileReference section */
		BD422E3229311FB500A1BB82 /* tkvs.app */ = {isa = PBXFileReference; explicitFileType = wrapper.application; includeInIndex = 0; path = tkvs.app; sourceTree = BUILT_PRODUCTS_DIR; };
		BD422E3529311FB500A1BB82 /* tkvsApp.swift */ = {isa = PBXFileReference; lastKnownFileType = sourcecode.swift; path = tkvsApp.swift; sourceTree = "<group>"; };
		BD422E3729311FB500A1BB82 /* ContentView.swift */ = {isa = PBXFileReference; lastKnownFileType = sourcecode.swift; path = ContentView.swift; sourceTree = "<group>"; };
		BD422E3929311FB800A1BB82 /* Assets.xcassets */ = {isa = PBXFileReference; lastKnownFileType = folder.assetcatalog; path = Assets.xcassets; sourceTree = "<group>"; };
		BD422E3C29311FB800A1BB82 /* Preview Assets.xcassets */ = {isa = PBXFileReference; lastKnownFileType = folder.assetcatalog; path = "Preview Assets.xcassets"; sourceTree = "<group>"; };
		BD422E4229311FB800A1BB82 /* tkvsTests.xctest */ = {isa = PBXFileReference; explicitFileType = wrapper.cfbundle; includeInIndex = 0; path = tkvsTests.xctest; sourceTree = BUILT_PRODUCTS_DIR; };
		BD422E4629311FB800A1BB82 /* tkvsTests.swift */ = {isa = PBXFileReference; lastKnownFileType = sourcecode.swift; path = tkvsTests.swift; sourceTree = "<group>"; };
		BD422E4C29311FB800A1BB82 /* tkvsUITests.xctest */ = {isa = PBXFileReference; explicitFileType = wrapper.cfbundle; includeInIndex = 0; path = tkvsUITests.xctest; sourceTree = BUILT_PRODUCTS_DIR; };
		BD422E5029311FB800A1BB82 /* tkvsUITests.swift */ = {isa = PBXFileReference; lastKnownFileType = sourcecode.swift; path = tkvsUITests.swift; sourceTree = "<group>"; };
		BD422E5229311FB800A1BB82 /* tkvsUITestsLaunchTests.swift */ = {isa = PBXFileReference; lastKnownFileType = sourcecode.swift; path = tkvsUITestsLaunchTests.swift; sourceTree = "<group>"; };
/* End PBXFileReference section */

/* Begin PBXFrameworksBuildPhase section */
		BD422E2F29311FB500A1BB82 /* Frameworks */ = {
			isa = PBXFrameworksBuildPhase;
			buildActionMask = 2147483647;
			files = (
			);
			runOnlyForDeploymentPostprocessing = 0;
		};
		BD422E3F29311FB800A1BB82 /* Frameworks */ = {
			isa = PBXFrameworksBuildPhase;
			buildActionMask = 2147483647;
			files = (
			);
			runOnlyForDeploymentPostprocessing = 0;
		};
		BD422E4929311FB800A1BB82 /* Frameworks */ = {
			isa = PBXFrameworksBuildPhase;
			buildActionMask = 2147483647;
			files = (
			);
			runOnlyForDeploymentPostprocessing = 0;
		};
/* End PBXFrameworksBuildPhase section */

/* Begin PBXGroup section */
		BD422E2929311FB500A1BB82 = {
			isa = PBXGroup;
			children = (
				BD422E3429311FB500A1BB82 /* tkvs */,
				BD422E4529311FB800A1BB82 /* tkvsTests */,
				BD422E4F29311FB800A1BB82 /* tkvsUITests */,
				BD422E3329311FB500A1BB82 /* Products */,
			);
			sourceTree = "<group>";
		};
		BD422E3329311FB500A1BB82 /* Products */ = {
			isa = PBXGroup;
			children = (
				BD422E3229311FB500A1BB82 /* tkvs.app */,
				BD422E4229311FB800A1BB82 /* tkvsTests.xctest */,
				BD422E4C29311FB800A1BB82 /* tkvsUITests.xctest */,
			);
			name = Products;
			sourceTree = "<group>";
		};
		BD422E3429311FB500A1BB82 /* tkvs */ = {
			isa = PBXGroup;
			children = (
				BD422E3529311FB500A1BB82 /* tkvsApp.swift */,
				BD422E3729311FB500A1BB82 /* ContentView.swift */,
				BD422E3929311FB800A1BB82 /* Assets.xcassets */,
				BD422E3B29311FB800A1BB82 /* Preview Content */,
			);
			path = tkvs;
			sourceTree = "<group>";
		};
		BD422E3B29311FB800A1BB82 /* Preview Content */ = {
			isa = PBXGroup;
			children = (
				BD422E3C29311FB800A1BB82 /* Preview Assets.xcassets */,
			);
			path = "Preview Content";
			sourceTree = "<group>";
		};
		BD422E4529311FB800A1BB82 /* tkvsTests */ = {
			isa = PBXGroup;
			children = (
				BD422E4629311FB800A1BB82 /* tkvsTests.swift */,
			);
			path = tkvsTests;
			sourceTree = "<group>";
		};
		BD422E4F29311FB800A1BB82 /* tkvsUITests */ = {
			isa = PBXGroup;
			children = (
				BD422E5029311FB800A1BB82 /* tkvsUITests.swift */,
				BD422E5229311FB800A1BB82 /* tkvsUITestsLaunchTests.swift */,
			);
			path = tkvsUITests;
			sourceTree = "<group>";
		};
/* End PBXGroup section */

/* Begin PBXNativeTarget section */
		BD422E3129311FB500A1BB82 /* tkvs */ = {
			isa = PBXNativeTarget;
			buildConfigurationList = BD422E5629311FB800A1BB82 /* Build configuration list for PBXNativeTarget "tkvs" */;
			buildPhases = (
				BD422E2E29311FB500A1BB82 /* Sources */,
				BD422E2F29311FB500A1BB82 /* Frameworks */,
				BD422E3029311FB500A1BB82 /* Resources */,
			);
			buildRules = (
			);
			dependencies = (
			);
			name = tkvs;
			productName = tkvs;
			productReference = BD422E3229311FB500A1BB82 /* tkvs.app */;
			productType = "com.apple.product-type.application";
		};
		BD422E4129311FB800A1BB82 /* tkvsTests */ = {
			isa = PBXNativeTarget;
			buildConfigurationList = BD422E5929311FB800A1BB82 /* Build configuration list for PBXNativeTarget "tkvsTests" */;
			buildPhases = (
				BD422E3E29311FB800A1BB82 /* Sources */,
				BD422E3F29311FB800A1BB82 /* Frameworks */,
				BD422E4029311FB800A1BB82 /* Resources */,
			);
			buildRules = (
			);
			dependencies = (
				BD422E4429311FB800A1BB82 /* PBXTargetDependency */,
			);
			name = tkvsTests;
			productName = tkvsTests;
			productReference = BD422E4229311FB800A1BB82 /* tkvsTests.xctest */;
			productType = "com.apple.product-type.bundle.unit-test";
		};
		BD422E4B29311FB800A1BB82 /* tkvsUITests */ = {
			isa = PBXNativeTarget;
			buildConfigurationList = BD422E5C29311FB800A1BB82 /* Build configuration list for PBXNativeTarget "tkvsUITests" */;
			buildPhases = (
				BD422E4829311FB800A1BB82 /* Sources */,
				BD422E4929311FB800A1BB82 /* Frameworks */,
				BD422E4A29311FB800A1BB82 /* Resources */,
			);
			buildRules = (
			);
			dependencies = (
				BD422E4E29311FB800A1BB82 /* PBXTargetDependency */,
			);
			name = tkvsUITests;
			productName = tkvsUITests;
			productReference = BD422E4C29311FB800A1BB82 /* tkvsUITests.xctest */;
			productType = "com.apple.product-type.bundle.ui-testing";
		};
/* End PBXNativeTarget section */

/* Begin PBXProject section */
		BD422E2A29311FB500A1BB82 /* Project object */ = {
			isa = PBXProject;
			attributes = {
				BuildIndependentTargetsInParallel = 1;
				LastSwiftUpdateCheck = 1410;
				LastUpgradeCheck = 1410;
				TargetAttributes = {
					BD422E3129311FB500A1BB82 = {
						CreatedOnToolsVersion = 14.1;
					};
					BD422E4129311FB800A1BB82 = {
						CreatedOnToolsVersion = 14.1;
						TestTargetID = BD422E3129311FB500A1BB82;
					};
					BD422E4B29311FB800A1BB82 = {
						CreatedOnToolsVersion = 14.1;
						TestTargetID = BD422E3129311FB500A1BB82;
					};
				};
			};
			buildConfigurationList = BD422E2D29311FB500A1BB82 /* Build configuration list for PBXProject "tkvs" */;
			compatibilityVersion = "Xcode 14.0";
			developmentRegion = en;
			hasScannedForEncodings = 0;
			knownRegions = (
				en,
				Base,
			);
			mainGroup = BD422E2929311FB500A1BB82;
			productRefGroup = BD422E3329311FB500A1BB82 /* Products */;
			projectDirPath = "";
			projectRoot = "";
			targets = (
				BD422E3129311FB500A1BB82 /* tkvs */,
				BD422E4129311FB800A1BB82 /* tkvsTests */,
				BD422E4B29311FB800A1BB82 /* tkvsUITests */,
			);
		};
/* End PBXProject section */

/* Begin PBXResourcesBuildPhase section */
		BD422E3029311FB500A1BB82 /* Resources */ = {
			isa = PBXResourcesBuildPhase;
			buildActionMask = 2147483647;
			files = (
				BD422E3D29311FB800A1BB82 /* Preview Assets.xcassets in Resources */,
				BD422E3A29311FB800A1BB82 /* Assets.xcassets in Resources */,
			);
			runOnlyForDeploymentPostprocessing = 0;
		};
		BD422E4029311FB800A1BB82 /* Resources */ = {
			isa = PBXResourcesBuildPhase;
			buildActionMask = 2147483647;
			files = (
			);
			runOnlyForDeploymentPostprocessing = 0;
		};
		BD422E4A29311FB800A1BB82 /* Resources */ = {
			isa = PBXResourcesBuildPhase;
			buildActionMask = 2147483647;
			files = (
			);
			runOnlyForDeploymentPostprocessing = 0;
		};
/* End PBXResourcesBuildPhase section */

/* Begin PBXSourcesBuildPhase section */
		BD422E2E29311FB500A1BB82 /* Sources */ = {
			isa = PBXSourcesBuildPhase;
			buildActionMask = 2147483647;
			files = (
				BD422E3829311FB500A1BB82 /* ContentView.swift in Sources */,
				BD422E3629311FB500A1BB82 /* tkvsApp.swift in Sources */,
			);
			runOnlyForDeploymentPostprocessing = 0;
		};
		BD422E3E29311FB800A1BB82 /* Sources */ = {
			isa = PBXSourcesBuildPhase;
			buildActionMask = 2147483647;
			files = (
				BD422E4729311FB800A1BB82 /* tkvsTests.swift in Sources */,
			);
			runOnlyForDeploymentPostprocessing = 0;
		};
		BD422E4829311FB800A1BB82 /* Sources */ = {
			isa = PBXSourcesBuildPhase;
			buildActionMask = 2147483647;
			files = (
				BD422E5329311FB800A1BB82 /* tkvsUITestsLaunchTests.swift in Sources */,
				BD422E5129311FB800A1BB82 /* tkvsUITests.swift in Sources */,
			);
			runOnlyForDeploymentPostprocessing = 0;
		};
/* End PBXSourcesBuildPhase section */

/* Begin PBXTargetDependency section */
		BD422E4429311FB800A1BB82 /* PBXTargetDependency */ = {
			isa = PBXTargetDependency;
			target = BD422E3129311FB500A1BB82 /* tkvs */;
			targetProxy = BD422E4329311FB800A1BB82 /* PBXContainerItemProxy */;
		};
		BD422E4E29311FB800A1BB82 /* PBXTargetDependency */ = {
			isa = PBXTargetDependency;
			target = BD422E3129311FB500A1BB82 /* tkvs */;
			targetProxy = BD422E4D29311FB800A1BB82 /* PBXContainerItemProxy */;
		};
/* End PBXTargetDependency section */

/* Begin XCBuildConfiguration section */
		BD422E5429311FB800A1BB82 /* Debug */ = {
			isa = XCBuildConfiguration;
			buildSettings = {
				ALWAYS_SEARCH_USER_PATHS = NO;
				CLANG_ANALYZER_NONNULL = YES;
				CLANG_ANALYZER_NUMBER_OBJECT_CONVERSION = YES_AGGRESSIVE;
				CLANG_CXX_LANGUAGE_STANDARD = "gnu++20";
				CLANG_ENABLE_MODULES = YES;
				CLANG_ENABLE_OBJC_ARC = YES;
				CLANG_ENABLE_OBJC_WEAK = YES;
				CLANG_WARN_BLOCK_CAPTURE_AUTORELEASING = YES;
				CLANG_WARN_BOOL_CONVERSION = YES;
				CLANG_WARN_COMMA = YES;
				CLANG_WARN_CONSTANT_CONVERSION = YES;
				CLANG_WARN_DEPRECATED_OBJC_IMPLEMENTATIONS = YES;
				CLANG_WARN_DIRECT_OBJC_ISA_USAGE = YES_ERROR;
				CLANG_WARN_DOCUMENTATION_COMMENTS = YES;
				CLANG_WARN_EMPTY_BODY = YES;
				CLANG_WARN_ENUM_CONVERSION = YES;
				CLANG_WARN_INFINITE_RECURSION = YES;
				CLANG_WARN_INT_CONVERSION = YES;
				CLANG_WARN_NON_LITERAL_NULL_CONVERSION = YES;
				CLANG_WARN_OBJC_IMPLICIT_RETAIN_SELF = YES;
				CLANG_WARN_OBJC_LITERAL_CONVERSION = YES;
				CLANG_WARN_OBJC_ROOT_CLASS = YES_ERROR;
				CLANG_WARN_QUOTED_INCLUDE_IN_FRAMEWORK_HEADER = YES;
				CLANG_WARN_RANGE_LOOP_ANALYSIS = YES;
				CLANG_WARN_STRICT_PROTOTYPES = YES;
				CLANG_WARN_SUSPICIOUS_MOVE = YES;
				CLANG_WARN_UNGUARDED_AVAILABILITY = YES_AGGRESSIVE;
				CLANG_WARN_UNREACHABLE_CODE = YES;
				CLANG_WARN__DUPLICATE_METHOD_MATCH = YES;
				COPY_PHASE_STRIP = NO;
				DEBUG_INFORMATION_FORMAT = dwarf;
				ENABLE_STRICT_OBJC_MSGSEND = YES;
				ENABLE_TESTABILITY = YES;
				GCC_C_LANGUAGE_STANDARD = gnu11;
				GCC_DYNAMIC_NO_PIC = NO;
				GCC_NO_COMMON_BLOCKS = YES;
				GCC_OPTIMIZATION_LEVEL = 0;
				GCC_PREPROCESSOR_DEFINITIONS = (
					"DEBUG=1",
					"$(inherited)",
				);
				GCC_WARN_64_TO_32_BIT_CONVERSION = YES;
				GCC_WARN_ABOUT_RETURN_TYPE = YES_ERROR;
				GCC_WARN_UNDECLARED_SELECTOR = YES;
				GCC_WARN_UNINITIALIZED_AUTOS = YES_AGGRESSIVE;
				GCC_WARN_UNUSED_FUNCTION = YES;
				GCC_WARN_UNUSED_VARIABLE = YES;
				IPHONEOS_DEPLOYMENT_TARGET = 16.1;
				MTL_ENABLE_DEBUG_INFO = INCLUDE_SOURCE;
				MTL_FAST_MATH = YES;
				ONLY_ACTIVE_ARCH = YES;
				SDKROOT = iphoneos;
				SWIFT_ACTIVE_COMPILATION_CONDITIONS = DEBUG;
				SWIFT_OPTIMIZATION_LEVEL = "-Onone";
			};
			name = Debug;
		};
		BD422E5529311FB800A1BB82 /* Release */ = {
			isa = XCBuildConfiguration;
			buildSettings = {
				ALWAYS_SEARCH_USER_PATHS = NO;
				CLANG_ANALYZER_NONNULL = YES;
				CLANG_ANALYZER_NUMBER_OBJECT_CONVERSION = YES_AGGRESSIVE;
				CLANG_CXX_LANGUAGE_STANDARD = "gnu++20";
				CLANG_ENABLE_MODULES = YES;
				CLANG_ENABLE_OBJC_ARC = YES;
				CLANG_ENABLE_OBJC_WEAK = YES;
				CLANG_WARN_BLOCK_CAPTURE_AUTORELEASING = YES;
				CLANG_WARN_BOOL_CONVERSION = YES;
				CLANG_WARN_COMMA = YES;
				CLANG_WARN_CONSTANT_CONVERSION = YES;
				CLANG_WARN_DEPRECATED_OBJC_IMPLEMENTATIONS = YES;
				CLANG_WARN_DIRECT_OBJC_ISA_USAGE = YES_ERROR;
				CLANG_WARN_DOCUMENTATION_COMMENTS = YES;
				CLANG_WARN_EMPTY_BODY = YES;
				CLANG_WARN_ENUM_CONVERSION = YES;
				CLANG_WARN_INFINITE_RECURSION = YES;
				CLANG_WARN_INT_CONVERSION = YES;
				CLANG_WARN_NON_LITERAL_NULL_CONVERSION = YES;
				CLANG_WARN_OBJC_IMPLICIT_RETAIN_SELF = YES;
				CLANG_WARN_OBJC_LITERAL_CONVERSION = YES;
				CLANG_WARN_OBJC_ROOT_CLASS = YES_ERROR;
				CLANG_WARN_QUOTED_INCLUDE_IN_FRAMEWORK_HEADER = YES;
				CLANG_WARN_RANGE_LOOP_ANALYSIS = YES;
				CLANG_WARN_STRICT_PROTOTYPES = YES;
				CLANG_WARN_SUSPICIOUS_MOVE = YES;
				CLANG_WARN_UNGUARDED_AVAILABILITY = YES_AGGRESSIVE;
				CLANG_WARN_UNREACHABLE_CODE = YES;
				CLANG_WARN__DUPLICATE_METHOD_MATCH = YES;
				COPY_PHASE_STRIP = NO;
				DEBUG_INFORMATION_FORMAT = "dwarf-with-dsym";
				ENABLE_NS_ASSERTIONS = NO;
				ENABLE_STRICT_OBJC_MSGSEND = YES;
				GCC_C_LANGUAGE_STANDARD = gnu11;
				GCC_NO_COMMON_BLOCKS = YES;
				GCC_WARN_64_TO_32_BIT_CONVERSION = YES;
				GCC_WARN_ABOUT_RETURN_TYPE = YES_ERROR;
				GCC_WARN_UNDECLARED_SELECTOR = YES;
				GCC_WARN_UNINITIALIZED_AUTOS = YES_AGGRESSIVE;
				GCC_WARN_UNUSED_FUNCTION = YES;
				GCC_WARN_UNUSED_VARIABLE = YES;
				IPHONEOS_DEPLOYMENT_TARGET = 16.1;
				MTL_ENABLE_DEBUG_INFO = NO;
				MTL_FAST_MATH = YES;
				SDKROOT = iphoneos;
				SWIFT_COMPILATION_MODE = wholemodule;
				SWIFT_OPTIMIZATION_LEVEL = "-O";
				VALIDATE_PRODUCT = YES;
			};
			name = Release;
		};
		BD422E5729311FB800A1BB82 /* Debug */ = {
			isa = XCBuildConfiguration;
			buildSettings = {
				ASSETCATALOG_COMPILER_APPICON_NAME = AppIcon;
				ASSETCATALOG_COMPILER_GLOBAL_ACCENT_COLOR_NAME = AccentColor;
				CODE_SIGN_STYLE = Automatic;
				CURRENT_PROJECT_VERSION = 1;
				DEVELOPMENT_ASSET_PATHS = "\"tkvs/Preview Content\"";
				ENABLE_PREVIEWS = YES;
				GENERATE_INFOPLIST_FILE = YES;
				INFOPLIST_KEY_UIApplicationSceneManifest_Generation = YES;
				INFOPLIST_KEY_UIApplicationSupportsIndirectInputEvents = YES;
				INFOPLIST_KEY_UILaunchScreen_Generation = YES;
				INFOPLIST_KEY_UISupportedInterfaceOrientations_iPad = "UIInterfaceOrientationPortrait UIInterfaceOrientationPortraitUpsideDown UIInterfaceOrientationLandscapeLeft UIInterfaceOrientationLandscapeRight";
				INFOPLIST_KEY_UISupportedInterfaceOrientations_iPhone = "UIInterfaceOrientationPortrait UIInterfaceOrientationLandscapeLeft UIInterfaceOrientationLandscapeRight";
				LD_RUNPATH_SEARCH_PATHS = (
					"$(inherited)",
					"@executable_path/Frameworks",
				);
				MARKETING_VERSION = 1.0;
				PRODUCT_BUNDLE_IDENTIFIER = com.zpln.tkvs;
				PRODUCT_NAME = "$(TARGET_NAME)";
				SWIFT_EMIT_LOC_STRINGS = YES;
				SWIFT_VERSION = 5.0;
				TARGETED_DEVICE_FAMILY = "1,2";
			};
			name = Debug;
		};
		BD422E5829311FB800A1BB82 /* Release */ = {
			isa = XCBuildConfiguration;
			buildSettings = {
				ASSETCATALOG_COMPILER_APPICON_NAME = AppIcon;
				ASSETCATALOG_COMPILER_GLOBAL_ACCENT_COLOR_NAME = AccentColor;
				CODE_SIGN_STYLE = Automatic;
				CURRENT_PROJECT_VERSION = 1;
				DEVELOPMENT_ASSET_PATHS = "\"tkvs/Preview Content\"";
				ENABLE_PREVIEWS = YES;
				GENERATE_INFOPLIST_FILE = YES;
				INFOPLIST_KEY_UIApplicationSceneManifest_Generation = YES;
				INFOPLIST_KEY_UIApplicationSupportsIndirectInputEvents = YES;
				INFOPLIST_KEY_UILaunchScreen_Generation = YES;
				INFOPLIST_KEY_UISupportedInterfaceOrientations_iPad = "UIInterfaceOrientationPortrait UIInterfaceOrientationPortraitUpsideDown UIInterfaceOrientationLandscapeLeft UIInterfaceOrientationLandscapeRight";
				INFOPLIST_KEY_UISupportedInterfaceOrientations_iPhone = "UIInterfaceOrientationPortrait UIInterfaceOrientationLandscapeLeft UIInterfaceOrientationLandscapeRight";
				LD_RUNPATH_SEARCH_PATHS = (
					"$(inherited)",
					"@executable_path/Frameworks",
				);
				MARKETING_VERSION = 1.0;
				PRODUCT_BUNDLE_IDENTIFIER = com.zpln.tkvs;
				PRODUCT_NAME = "$(TARGET_NAME)";
				SWIFT_EMIT_LOC_STRINGS = YES;
				SWIFT_VERSION = 5.0;
				TARGETED_DEVICE_FAMILY = "1,2";
			};
			name = Release;
		};
		BD422E5A29311FB800A1BB82 /* Debug */ = {
			isa = XCBuildConfiguration;
			buildSettings = {
				ALWAYS_EMBED_SWIFT_STANDARD_LIBRARIES = YES;
				BUNDLE_LOADER = "$(TEST_HOST)";
				CODE_SIGN_STYLE = Automatic;
				CURRENT_PROJECT_VERSION = 1;
				GENERATE_INFOPLIST_FILE = YES;
				IPHONEOS_DEPLOYMENT_TARGET = 16.1;
				MARKETING_VERSION = 1.0;
				PRODUCT_BUNDLE_IDENTIFIER = com.zpln.tkvsTests;
				PRODUCT_NAME = "$(TARGET_NAME)";
				SWIFT_EMIT_LOC_STRINGS = NO;
				SWIFT_VERSION = 5.0;
				TARGETED_DEVICE_FAMILY = "1,2";
				TEST_HOST = "$(BUILT_PRODUCTS_DIR)/tkvs.app/$(BUNDLE_EXECUTABLE_FOLDER_PATH)/tkvs";
			};
			name = Debug;
		};
		BD422E5B29311FB800A1BB82 /* Release */ = {
			isa = XCBuildConfiguration;
			buildSettings = {
				ALWAYS_EMBED_SWIFT_STANDARD_LIBRARIES = YES;
				BUNDLE_LOADER = "$(TEST_HOST)";
				CODE_SIGN_STYLE = Automatic;
				CURRENT_PROJECT_VERSION = 1;
				GENERATE_INFOPLIST_FILE = YES;
				IPHONEOS_DEPLOYMENT_TARGET = 16.1;
				MARKETING_VERSION = 1.0;
				PRODUCT_BUNDLE_IDENTIFIER = com.zpln.tkvsTests;
				PRODUCT_NAME = "$(TARGET_NAME)";
				SWIFT_EMIT_LOC_STRINGS = NO;
				SWIFT_VERSION = 5.0;
				TARGETED_DEVICE_FAMILY = "1,2";
				TEST_HOST = "$(BUILT_PRODUCTS_DIR)/tkvs.app/$(BUNDLE_EXECUTABLE_FOLDER_PATH)/tkvs";
			};
			name = Release;
		};
		BD422E5D29311FB800A1BB82 /* Debug */ = {
			isa = XCBuildConfiguration;
			buildSettings = {
				ALWAYS_EMBED_SWIFT_STANDARD_LIBRARIES = YES;
				CODE_SIGN_STYLE = Automatic;
				CURRENT_PROJECT_VERSION = 1;
				GENERATE_INFOPLIST_FILE = YES;
				MARKETING_VERSION = 1.0;
				PRODUCT_BUNDLE_IDENTIFIER = com.zpln.tkvsUITests;
				PRODUCT_NAME = "$(TARGET_NAME)";
				SWIFT_EMIT_LOC_STRINGS = NO;
				SWIFT_VERSION = 5.0;
				TARGETED_DEVICE_FAMILY = "1,2";
				TEST_TARGET_NAME = tkvs;
			};
			name = Debug;
		};
		BD422E5E29311FB800A1BB82 /* Release */ = {
			isa = XCBuildConfiguration;
			buildSettings = {
				ALWAYS_EMBED_SWIFT_STANDARD_LIBRARIES = YES;
				CODE_SIGN_STYLE = Automatic;
				CURRENT_PROJECT_VERSION = 1;
				GENERATE_INFOPLIST_FILE = YES;
				MARKETING_VERSION = 1.0;
				PRODUCT_BUNDLE_IDENTIFIER = com.zpln.tkvsUITests;
				PRODUCT_NAME = "$(TARGET_NAME)";
				SWIFT_EMIT_LOC_STRINGS = NO;
				SWIFT_VERSION = 5.0;
				TARGETED_DEVICE_FAMILY = "1,2";
				TEST_TARGET_NAME = tkvs;
			};
			name = Release;
		};
/* End XCBuildConfiguration section */

/* Begin XCConfigurationList section */
		BD422E2D29311FB500A1BB82 /* Build configuration list for PBXProject "tkvs" */ = {
			isa = XCConfigurationList;
			buildConfigurations = (
				BD422E5429311FB800A1BB82 /* Debug */,
				BD422E5529311FB800A1BB82 /* Release */,
			);
			defaultConfigurationIsVisible = 0;
			defaultConfigurationName = Release;
		};
		BD422E5629311FB800A1BB82 /* Build configuration list for PBXNativeTarget "tkvs" */ = {
			isa = XCConfigurationList;
			buildConfigurations = (
				BD422E5729311FB800A1BB82 /* Debug */,
				BD422E5829311FB800A1BB82 /* Release */,
			);
			defaultConfigurationIsVisible = 0;
			defaultConfigurationName = Release;
		};
		BD422E5929311FB800A1BB82 /* Build configuration list for PBXNativeTarget "tkvsTests" */ = {
			isa = XCConfigurationList;
			buildConfigurations = (
				BD422E5A29311FB800A1BB82 /* Debug */,
				BD422E5B29311FB800A1BB82 /* Release */,
			);
			defaultConfigurationIsVisible = 0;
			defaultConfigurationName = Release;
		};
		BD422E5C29311FB800A1BB82 /* Build configuration list for PBXNativeTarget "tkvsUITests" */ = {
			isa = XCConfigurationList;
			buildConfigurations = (
				BD422E5D29311FB800A1BB82 /* Debug */,
				BD422E5E29311FB800A1BB82 /* Release */,
			);
			defaultConfigurationIsVisible = 0;
			defaultConfigurationName = Release;
		};
/* End XCConfigurationList section */
	};
	rootObject = BD422E2A29311FB500A1BB82 /* Project object */;
}
